
Microsoft Visual Studio Solution File, Format Version 12.00
# Visual Studio Version 16
VisualStudioVersion = 25.0.1706.0
MinimumVisualStudioVersion = 10.0.40219.1
Project("{FAE04EC0-301F-11D3-BF4B-00C04F79EFBC}") = "HeroiApi", "HeroiApi\HeroiApi.csproj", "{1832ADC9-7527-42D1-AFDF-028AFFACF64F}"
EndProject
Global
	GlobalSection(SolutionConfigurationPlatforms) = preSolution
		Debug|Any CPU = Debug|Any CPU
		Release|Any CPU = Release|Any CPU
	EndGlobalSection
	GlobalSection(ProjectConfigurationPlatforms) = postSolution
		{1832ADC9-7527-42D1-AFDF-028AFFACF64F}.Debug|Any CPU.ActiveCfg = Debug|Any CPU
		{1832ADC9-7527-42D1-AFDF-028AFFACF64F}.Debug|Any CPU.Build.0 = Debug|Any CPU
		{1832ADC9-7527-42D1-AFDF-028AFFACF64F}.Release|Any CPU.ActiveCfg = Release|Any CPU
		{1832ADC9-7527-42D1-AFDF-028AFFACF64F}.Release|Any CPU.Build.0 = Release|Any CPU
	EndGlobalSection
	GlobalSection(SolutionProperties) = preSolution
		HideSolutionNode = FALSE
	EndGlobalSection
	GlobalSection(ExtensibilityGlobals) = postSolution
		SolutionGuid = {74EF0FE9-D69E-4665-9879-DFC946C96CE3}
	EndGlobalSection
EndGlobal
